
Microsoft Visual Studio Solution File, Format Version 12.00
# Visual Studio Version 17
VisualStudioVersion = 17.8.34525.116
MinimumVisualStudioVersion = 10.0.40219.1
Project("{FAE04EC0-301F-11D3-BF4B-00C04F79EFBC}") = "EF_Task_1_2", "EF_Task_1_2\EF_Task_1_2.csproj", "{0855C0FB-E462-44BB-BE33-D4E202E5E7AB}"
EndProject
Global
	GlobalSection(SolutionConfigurationPlatforms) = preSolution
		Debug|Any CPU = Debug|Any CPU
		Release|Any CPU = Release|Any CPU
	EndGlobalSection
	GlobalSection(ProjectConfigurationPlatforms) = postSolution
		{0855C0FB-E462-44BB-BE33-D4E202E5E7AB}.Debug|Any CPU.ActiveCfg = Debug|Any CPU
		{0855C0FB-E462-44BB-BE33-D4E202E5E7AB}.Debug|Any CPU.Build.0 = Debug|Any CPU
		{0855C0FB-E462-44BB-BE33-D4E202E5E7AB}.Release|Any CPU.ActiveCfg = Release|Any CPU
		{0855C0FB-E462-44BB-BE33-D4E202E5E7AB}.Release|Any CPU.Build.0 = Release|Any CPU
	EndGlobalSection
	GlobalSection(SolutionProperties) = preSolution
		HideSolutionNode = FALSE
	EndGlobalSection
	GlobalSection(ExtensibilityGlobals) = postSolution
		SolutionGuid = {AAD89576-CDDC-46DB-83D9-CE02F1F18076}
	EndGlobalSection
EndGlobal
